
Microsoft Visual Studio Solution File, Format Version 12.00
# Visual Studio 15
VisualStudioVersion = 15.0.28307.106
MinimumVisualStudioVersion = 10.0.40219.1
Project("{9A19103F-16F7-4668-BE54-9A1E7A4F7556}") = "BotRules", "BotRules\BotRules.csproj", "{34145261-4B75-4288-8292-89BE1E0DDD4E}"
EndProject
Global
	GlobalSection(SolutionConfigurationPlatforms) = preSolution
		Debug|Any CPU = Debug|Any CPU
		Release|Any CPU = Release|Any CPU
	EndGlobalSection
	GlobalSection(ProjectConfigurationPlatforms) = postSolution
		{34145261-4B75-4288-8292-89BE1E0DDD4E}.Debug|Any CPU.ActiveCfg = Debug|Any CPU
		{34145261-4B75-4288-8292-89BE1E0DDD4E}.Debug|Any CPU.Build.0 = Debug|Any CPU
		{34145261-4B75-4288-8292-89BE1E0DDD4E}.Release|Any CPU.ActiveCfg = Release|Any CPU
		{34145261-4B75-4288-8292-89BE1E0DDD4E}.Release|Any CPU.Build.0 = Release|Any CPU
	EndGlobalSection
	GlobalSection(SolutionProperties) = preSolution
		HideSolutionNode = FALSE
	EndGlobalSection
	GlobalSection(ExtensibilityGlobals) = postSolution
		SolutionGuid = {1FF65AA7-AC59-4962-B9FE-DB16CA76A4BE}
	EndGlobalSection
EndGlobal
